
Microsoft Visual Studio Solution File, Format Version 12.00
# Visual Studio Version 16
VisualStudioVersion = 16.0.31729.503
MinimumVisualStudioVersion = 10.0.40219.1
Project("{9A19103F-16F7-4668-BE54-9A1E7A4F7556}") = "StudentPortal", "Panels\StudentPortal.csproj", "{93B734D5-38F7-4817-AFE7-9687DF485D45}"
EndProject
Global
	GlobalSection(SolutionConfigurationPlatforms) = preSolution
		Debug|Any CPU = Debug|Any CPU
		Release|Any CPU = Release|Any CPU
	EndGlobalSection
	GlobalSection(ProjectConfigurationPlatforms) = postSolution
		{93B734D5-38F7-4817-AFE7-9687DF485D45}.Debug|Any CPU.ActiveCfg = Debug|Any CPU
		{93B734D5-38F7-4817-AFE7-9687DF485D45}.Debug|Any CPU.Build.0 = Debug|Any CPU
		{93B734D5-38F7-4817-AFE7-9687DF485D45}.Release|Any CPU.ActiveCfg = Release|Any CPU
		{93B734D5-38F7-4817-AFE7-9687DF485D45}.Release|Any CPU.Build.0 = Release|Any CPU
	EndGlobalSection
	GlobalSection(SolutionProperties) = preSolution
		HideSolutionNode = FALSE
	EndGlobalSection
	GlobalSection(ExtensibilityGlobals) = postSolution
		SolutionGuid = {26F327C6-D60E-4D38-9B46-EDDC374301C8}
	EndGlobalSection
EndGlobal
